
Microsoft Visual Studio Solution File, Format Version 12.00
# Visual Studio 14
VisualStudioVersion = 14.0.25420.1
MinimumVisualStudioVersion = 10.0.40219.1
Project("{FAE04EC0-301F-11D3-BF4B-00C04F79EFBC}") = "OpenGI.Ecom.Automation.TPR.Selenium", "OpenGI.Ecom.Automation.TPR.Selenium\OpenGI.Ecom.Automation.TPR.Selenium.csproj", "{987AF204-84BE-49ED-A2FB-18E10EB7E72B}"
EndProject
Project("{FAE04EC0-301F-11D3-BF4B-00C04F79EFBC}") = "OpenGI.Ecom.Automation.Selenium.Framework", "OpenGI.Ecom.Automation.Selenium.Framework\OpenGI.Ecom.Automation.Selenium.Framework.csproj", "{D078BD89-841E-4932-997A-4D0F6B275614}"
EndProject
Project("{FAE04EC0-301F-11D3-BF4B-00C04F79EFBC}") = "OpenGI.Ecom.Automation.Vanilla.Selenium", "OpenGI.Ecom.Automation.Vanilla.Selenium\OpenGI.Ecom.Automation.Vanilla.Selenium.csproj", "{9428D345-FBEE-41EF-A937-85E29C97EAB2}"
EndProject
Project("{FAE04EC0-301F-11D3-BF4B-00C04F79EFBC}") = "OpenGI.Ecom.Automation.eBroker4.Selenium", "OpenGI.Ecom.Automation.eBroker4.Selenium\OpenGI.Ecom.Automation.eBroker4.Selenium.csproj", "{1EB75E15-8923-4BAE-A004-F92B3CFF59DA}"
EndProject
Global
	GlobalSection(SolutionConfigurationPlatforms) = preSolution
		Debug|Any CPU = Debug|Any CPU
		Release|Any CPU = Release|Any CPU
	EndGlobalSection
	GlobalSection(ProjectConfigurationPlatforms) = postSolution
		{987AF204-84BE-49ED-A2FB-18E10EB7E72B}.Debug|Any CPU.ActiveCfg = Debug|Any CPU
		{987AF204-84BE-49ED-A2FB-18E10EB7E72B}.Debug|Any CPU.Build.0 = Debug|Any CPU
		{987AF204-84BE-49ED-A2FB-18E10EB7E72B}.Release|Any CPU.ActiveCfg = Release|Any CPU
		{987AF204-84BE-49ED-A2FB-18E10EB7E72B}.Release|Any CPU.Build.0 = Release|Any CPU
		{D078BD89-841E-4932-997A-4D0F6B275614}.Debug|Any CPU.ActiveCfg = Debug|Any CPU
		{D078BD89-841E-4932-997A-4D0F6B275614}.Debug|Any CPU.Build.0 = Debug|Any CPU
		{D078BD89-841E-4932-997A-4D0F6B275614}.Release|Any CPU.ActiveCfg = Release|Any CPU
		{D078BD89-841E-4932-997A-4D0F6B275614}.Release|Any CPU.Build.0 = Release|Any CPU
		{9428D345-FBEE-41EF-A937-85E29C97EAB2}.Debug|Any CPU.ActiveCfg = Debug|Any CPU
		{9428D345-FBEE-41EF-A937-85E29C97EAB2}.Debug|Any CPU.Build.0 = Debug|Any CPU
		{9428D345-FBEE-41EF-A937-85E29C97EAB2}.Release|Any CPU.ActiveCfg = Release|Any CPU
		{9428D345-FBEE-41EF-A937-85E29C97EAB2}.Release|Any CPU.Build.0 = Release|Any CPU
		{1EB75E15-8923-4BAE-A004-F92B3CFF59DA}.Debug|Any CPU.ActiveCfg = Debug|Any CPU
		{1EB75E15-8923-4BAE-A004-F92B3CFF59DA}.Debug|Any CPU.Build.0 = Debug|Any CPU
		{1EB75E15-8923-4BAE-A004-F92B3CFF59DA}.Release|Any CPU.ActiveCfg = Release|Any CPU
		{1EB75E15-8923-4BAE-A004-F92B3CFF59DA}.Release|Any CPU.Build.0 = Release|Any CPU
	EndGlobalSection
	GlobalSection(SolutionProperties) = preSolution
		HideSolutionNode = FALSE
	EndGlobalSection
EndGlobal
